
Microsoft Visual Studio Solution File, Format Version 12.00
# Visual Studio Version 17
VisualStudioVersion = 17.3.32819.101
MinimumVisualStudioVersion = 10.0.40219.1
Project("{FAE04EC0-301F-11D3-BF4B-00C04F79EFBC}") = "olah_nilai", "olah_nilai\olah_nilai.csproj", "{142AEC6C-3FD0-4063-A2D4-035518B25BD3}"
EndProject
Global
	GlobalSection(SolutionConfigurationPlatforms) = preSolution
		Debug|Any CPU = Debug|Any CPU
		Release|Any CPU = Release|Any CPU
	EndGlobalSection
	GlobalSection(ProjectConfigurationPlatforms) = postSolution
		{142AEC6C-3FD0-4063-A2D4-035518B25BD3}.Debug|Any CPU.ActiveCfg = Debug|Any CPU
		{142AEC6C-3FD0-4063-A2D4-035518B25BD3}.Debug|Any CPU.Build.0 = Debug|Any CPU
		{142AEC6C-3FD0-4063-A2D4-035518B25BD3}.Release|Any CPU.ActiveCfg = Release|Any CPU
		{142AEC6C-3FD0-4063-A2D4-035518B25BD3}.Release|Any CPU.Build.0 = Release|Any CPU
	EndGlobalSection
	GlobalSection(SolutionProperties) = preSolution
		HideSolutionNode = FALSE
	EndGlobalSection
	GlobalSection(ExtensibilityGlobals) = postSolution
		SolutionGuid = {002F7A52-7F7E-4747-A9C0-9981EEFB3E17}
	EndGlobalSection
EndGlobal
